// !$*UTF8*$!
{
	archiveVersion = 1;
	classes = {
	};
	objectVersion = 46;
	objects = {

/* Begin PBXBuildFile section */
		6467362A1BC6600C001627C7 /* MMGCoreDataStack2.swift in Sources */ = {isa = PBXBuildFile; fileRef = 646736291BC6600C001627C7 /* MMGCoreDataStack2.swift */; settings = {ASSET_TAGS = (); }; };
		6467362C1BC66A65001627C7 /* LoginController.swift in Sources */ = {isa = PBXBuildFile; fileRef = 6467362B1BC66A65001627C7 /* LoginController.swift */; settings = {ASSET_TAGS = (); }; };
		6467362F1BC67121001627C7 /* Utils.swift in Sources */ = {isa = PBXBuildFile; fileRef = 6467362E1BC67121001627C7 /* Utils.swift */; settings = {ASSET_TAGS = (); }; };
		64D947031BC65B4600B524C3 /* AppDelegate.swift in Sources */ = {isa = PBXBuildFile; fileRef = 64D947021BC65B4600B524C3 /* AppDelegate.swift */; };
		64D947081BC65B4600B524C3 /* Main.storyboard in Resources */ = {isa = PBXBuildFile; fileRef = 64D947061BC65B4600B524C3 /* Main.storyboard */; };
		64D9470A1BC65B4600B524C3 /* Assets.xcassets in Resources */ = {isa = PBXBuildFile; fileRef = 64D947091BC65B4600B524C3 /* Assets.xcassets */; };
		64D9470D1BC65B4600B524C3 /* LaunchScreen.storyboard in Resources */ = {isa = PBXBuildFile; fileRef = 64D9470B1BC65B4600B524C3 /* LaunchScreen.storyboard */; };
/* End PBXBuildFile section */

/* Begin PBXFileReference section */
		646736291BC6600C001627C7 /* MMGCoreDataStack2.swift */ = {isa = PBXFileReference; fileEncoding = 4; lastKnownFileType = sourcecode.swift; path = MMGCoreDataStack2.swift; sourceTree = "<group>"; };
		6467362B1BC66A65001627C7 /* LoginController.swift */ = {isa = PBXFileReference; fileEncoding = 4; lastKnownFileType = sourcecode.swift; path = LoginController.swift; sourceTree = "<group>"; };
		6467362E1BC67121001627C7 /* Utils.swift */ = {isa = PBXFileReference; fileEncoding = 4; lastKnownFileType = sourcecode.swift; path = Utils.swift; sourceTree = "<group>"; };
		64D946FF1BC65B4600B524C3 /* Converfit-iOS.app */ = {isa = PBXFileReference; explicitFileType = wrapper.application; includeInIndex = 0; path = "Converfit-iOS.app"; sourceTree = BUILT_PRODUCTS_DIR; };
		64D947021BC65B4600B524C3 /* AppDelegate.swift */ = {isa = PBXFileReference; lastKnownFileType = sourcecode.swift; path = AppDelegate.swift; sourceTree = "<group>"; };
		64D947071BC65B4600B524C3 /* Base */ = {isa = PBXFileReference; lastKnownFileType = file.storyboard; name = Base; path = Base.lproj/Main.storyboard; sourceTree = "<group>"; };
		64D947091BC65B4600B524C3 /* Assets.xcassets */ = {isa = PBXFileReference; lastKnownFileType = folder.assetcatalog; path = Assets.xcassets; sourceTree = "<group>"; };
		64D9470C1BC65B4600B524C3 /* Base */ = {isa = PBXFileReference; lastKnownFileType = file.storyboard; name = Base; path = Base.lproj/LaunchScreen.storyboard; sourceTree = "<group>"; };
		64D9470E1BC65B4600B524C3 /* Info.plist */ = {isa = PBXFileReference; lastKnownFileType = text.plist.xml; path = Info.plist; sourceTree = "<group>"; };
/* End PBXFileReference section */

/* Begin PBXFrameworksBuildPhase section */
		64D946FC1BC65B4600B524C3 /* Frameworks */ = {
			isa = PBXFrameworksBuildPhase;
			buildActionMask = 2147483647;
			files = (
			);
			runOnlyForDeploymentPostprocessing = 0;
		};
/* End PBXFrameworksBuildPhase section */

/* Begin PBXGroup section */
		6467362D1BC66A7A001627C7 /* Controllers */ = {
			isa = PBXGroup;
			children = (
				6467362B1BC66A65001627C7 /* LoginController.swift */,
			);
			name = Controllers;
			sourceTree = "<group>";
		};
		646736301BC67130001627C7 /* Utils */ = {
			isa = PBXGroup;
			children = (
				6467362E1BC67121001627C7 /* Utils.swift */,
			);
			name = Utils;
			sourceTree = "<group>";
		};
		648921EA1BC6763C00D91EA0 /* CoreData */ = {
			isa = PBXGroup;
			children = (
				646736291BC6600C001627C7 /* MMGCoreDataStack2.swift */,
			);
			name = CoreData;
			sourceTree = "<group>";
		};
		64D946F61BC65B4600B524C3 = {
			isa = PBXGroup;
			children = (
				64D947011BC65B4600B524C3 /* Converfit-iOS */,
				64D947001BC65B4600B524C3 /* Products */,
			);
			sourceTree = "<group>";
		};
		64D947001BC65B4600B524C3 /* Products */ = {
			isa = PBXGroup;
			children = (
				64D946FF1BC65B4600B524C3 /* Converfit-iOS.app */,
			);
			name = Products;
			sourceTree = "<group>";
		};
		64D947011BC65B4600B524C3 /* Converfit-iOS */ = {
			isa = PBXGroup;
			children = (
				64D947021BC65B4600B524C3 /* AppDelegate.swift */,
				6467362D1BC66A7A001627C7 /* Controllers */,
				648921EA1BC6763C00D91EA0 /* CoreData */,
				646736301BC67130001627C7 /* Utils */,
				64D947061BC65B4600B524C3 /* Main.storyboard */,
				64D947091BC65B4600B524C3 /* Assets.xcassets */,
				64D9470B1BC65B4600B524C3 /* LaunchScreen.storyboard */,
				64D947141BC65BB000B524C3 /* Supporting Files */,
			);
			path = "Converfit-iOS";
			sourceTree = "<group>";
		};
		64D947141BC65BB000B524C3 /* Supporting Files */ = {
			isa = PBXGroup;
			children = (
				64D9470E1BC65B4600B524C3 /* Info.plist */,
			);
			name = "Supporting Files";
			sourceTree = "<group>";
		};
/* End PBXGroup section */

/* Begin PBXNativeTarget section */
		64D946FE1BC65B4600B524C3 /* Converfit-iOS */ = {
			isa = PBXNativeTarget;
			buildConfigurationList = 64D947111BC65B4600B524C3 /* Build configuration list for PBXNativeTarget "Converfit-iOS" */;
			buildPhases = (
				64D946FB1BC65B4600B524C3 /* Sources */,
				64D946FC1BC65B4600B524C3 /* Frameworks */,
				64D946FD1BC65B4600B524C3 /* Resources */,
			);
			buildRules = (
			);
			dependencies = (
			);
			name = "Converfit-iOS";
			productName = "Converfit-iOS";
			productReference = 64D946FF1BC65B4600B524C3 /* Converfit-iOS.app */;
			productType = "com.apple.product-type.application";
		};
/* End PBXNativeTarget section */

/* Begin PBXProject section */
		64D946F71BC65B4600B524C3 /* Project object */ = {
			isa = PBXProject;
			attributes = {
				LastUpgradeCheck = 0700;
				ORGANIZATIONNAME = "Citious Team SL";
				TargetAttributes = {
					64D946FE1BC65B4600B524C3 = {
						CreatedOnToolsVersion = 7.0.1;
					};
				};
			};
			buildConfigurationList = 64D946FA1BC65B4600B524C3 /* Build configuration list for PBXProject "Converfit-iOS" */;
			compatibilityVersion = "Xcode 3.2";
			developmentRegion = English;
			hasScannedForEncodings = 0;
			knownRegions = (
				en,
				Base,
			);
			mainGroup = 64D946F61BC65B4600B524C3;
			productRefGroup = 64D947001BC65B4600B524C3 /* Products */;
			projectDirPath = "";
			projectRoot = "";
			targets = (
				64D946FE1BC65B4600B524C3 /* Converfit-iOS */,
			);
		};
/* End PBXProject section */

/* Begin PBXResourcesBuildPhase section */
		64D946FD1BC65B4600B524C3 /* Resources */ = {
			isa = PBXResourcesBuildPhase;
			buildActionMask = 2147483647;
			files = (
				64D9470D1BC65B4600B524C3 /* LaunchScreen.storyboard in Resources */,
				64D9470A1BC65B4600B524C3 /* Assets.xcassets in Resources */,
				64D947081BC65B4600B524C3 /* Main.storyboard in Resources */,
			);
			runOnlyForDeploymentPostprocessing = 0;
		};
/* End PBXResourcesBuildPhase section */

/* Begin PBXSourcesBuildPhase section */
		64D946FB1BC65B4600B524C3 /* Sources */ = {
			isa = PBXSourcesBuildPhase;
			buildActionMask = 2147483647;
			files = (
				6467362A1BC6600C001627C7 /* MMGCoreDataStack2.swift in Sources */,
				6467362C1BC66A65001627C7 /* LoginController.swift in Sources */,
				64D947031BC65B4600B524C3 /* AppDelegate.swift in Sources */,
				6467362F1BC67121001627C7 /* Utils.swift in Sources */,
			);
			runOnlyForDeploymentPostprocessing = 0;
		};
/* End PBXSourcesBuildPhase section */

/* Begin PBXVariantGroup section */
		64D947061BC65B4600B524C3 /* Main.storyboard */ = {
			isa = PBXVariantGroup;
			children = (
				64D947071BC65B4600B524C3 /* Base */,
			);
			name = Main.storyboard;
			sourceTree = "<group>";
		};
		64D9470B1BC65B4600B524C3 /* LaunchScreen.storyboard */ = {
			isa = PBXVariantGroup;
			children = (
				64D9470C1BC65B4600B524C3 /* Base */,
			);
			name = LaunchScreen.storyboard;
			sourceTree = "<group>";
		};
/* End PBXVariantGroup section */

/* Begin XCBuildConfiguration section */
		64D9470F1BC65B4600B524C3 /* Debug */ = {
			isa = XCBuildConfiguration;
			buildSettings = {
				ALWAYS_SEARCH_USER_PATHS = NO;
				CLANG_CXX_LANGUAGE_STANDARD = "gnu++0x";
				CLANG_CXX_LIBRARY = "libc++";
				CLANG_ENABLE_MODULES = YES;
				CLANG_ENABLE_OBJC_ARC = YES;
				CLANG_WARN_BOOL_CONVERSION = YES;
				CLANG_WARN_CONSTANT_CONVERSION = YES;
				CLANG_WARN_DIRECT_OBJC_ISA_USAGE = YES_ERROR;
				CLANG_WARN_EMPTY_BODY = YES;
				CLANG_WARN_ENUM_CONVERSION = YES;
				CLANG_WARN_INT_CONVERSION = YES;
				CLANG_WARN_OBJC_ROOT_CLASS = YES_ERROR;
				CLANG_WARN_UNREACHABLE_CODE = YES;
				CLANG_WARN__DUPLICATE_METHOD_MATCH = YES;
				"CODE_SIGN_IDENTITY[sdk=iphoneos*]" = "iPhone Developer";
				COPY_PHASE_STRIP = NO;
				DEBUG_INFORMATION_FORMAT = dwarf;
				ENABLE_STRICT_OBJC_MSGSEND = YES;
				ENABLE_TESTABILITY = YES;
				GCC_C_LANGUAGE_STANDARD = gnu99;
				GCC_DYNAMIC_NO_PIC = NO;
				GCC_NO_COMMON_BLOCKS = YES;
				GCC_OPTIMIZATION_LEVEL = 0;
				GCC_PREPROCESSOR_DEFINITIONS = (
					"DEBUG=1",
					"$(inherited)",
				);
				GCC_WARN_64_TO_32_BIT_CONVERSION = YES;
				GCC_WARN_ABOUT_RETURN_TYPE = YES_ERROR;
				GCC_WARN_UNDECLARED_SELECTOR = YES;
				GCC_WARN_UNINITIALIZED_AUTOS = YES_AGGRESSIVE;
				GCC_WARN_UNUSED_FUNCTION = YES;
				GCC_WARN_UNUSED_VARIABLE = YES;
				IPHONEOS_DEPLOYMENT_TARGET = 9.0;
				MTL_ENABLE_DEBUG_INFO = YES;
				ONLY_ACTIVE_ARCH = YES;
				SDKROOT = iphoneos;
				SWIFT_OPTIMIZATION_LEVEL = "-Onone";
				TARGETED_DEVICE_FAMILY = "1,2";
			};
			name = Debug;
		};
		64D947101BC65B4600B524C3 /* Release */ = {
			isa = XCBuildConfiguration;
			buildSettings = {
				ALWAYS_SEARCH_USER_PATHS = NO;
				CLANG_CXX_LANGUAGE_STANDARD = "gnu++0x";
				CLANG_CXX_LIBRARY = "libc++";
				CLANG_ENABLE_MODULES = YES;
				CLANG_ENABLE_OBJC_ARC = YES;
				CLANG_WARN_BOOL_CONVERSION = YES;
				CLANG_WARN_CONSTANT_CONVERSION = YES;
				CLANG_WARN_DIRECT_OBJC_ISA_USAGE = YES_ERROR;
				CLANG_WARN_EMPTY_BODY = YES;
				CLANG_WARN_ENUM_CONVERSION = YES;
				CLANG_WARN_INT_CONVERSION = YES;
				CLANG_WARN_OBJC_ROOT_CLASS = YES_ERROR;
				CLANG_WARN_UNREACHABLE_CODE = YES;
				CLANG_WARN__DUPLICATE_METHOD_MATCH = YES;
				"CODE_SIGN_IDENTITY[sdk=iphoneos*]" = "iPhone Developer";
				COPY_PHASE_STRIP = NO;
				DEBUG_INFORMATION_FORMAT = "dwarf-with-dsym";
				ENABLE_NS_ASSERTIONS = NO;
				ENABLE_STRICT_OBJC_MSGSEND = YES;
				GCC_C_LANGUAGE_STANDARD = gnu99;
				GCC_NO_COMMON_BLOCKS = YES;
				GCC_WARN_64_TO_32_BIT_CONVERSION = YES;
				GCC_WARN_ABOUT_RETURN_TYPE = YES_ERROR;
				GCC_WARN_UNDECLARED_SELECTOR = YES;
				GCC_WARN_UNINITIALIZED_AUTOS = YES_AGGRESSIVE;
				GCC_WARN_UNUSED_FUNCTION = YES;
				GCC_WARN_UNUSED_VARIABLE = YES;
				IPHONEOS_DEPLOYMENT_TARGET = 9.0;
				MTL_ENABLE_DEBUG_INFO = NO;
				SDKROOT = iphoneos;
				TARGETED_DEVICE_FAMILY = "1,2";
				VALIDATE_PRODUCT = YES;
			};
			name = Release;
		};
		64D947121BC65B4600B524C3 /* Debug */ = {
			isa = XCBuildConfiguration;
			buildSettings = {
				ASSETCATALOG_COMPILER_APPICON_NAME = AppIcon;
				CODE_SIGN_IDENTITY = "iPhone Developer";
				INFOPLIST_FILE = "Converfit-iOS/Info.plist";
				LD_RUNPATH_SEARCH_PATHS = "$(inherited) @executable_path/Frameworks";
				PRODUCT_BUNDLE_IDENTIFIER = "com.converfit.Converfit-iOS";
				PRODUCT_NAME = "$(TARGET_NAME)";
			};
			name = Debug;
		};
		64D947131BC65B4600B524C3 /* Release */ = {
			isa = XCBuildConfiguration;
			buildSettings = {
				ASSETCATALOG_COMPILER_APPICON_NAME = AppIcon;
				CODE_SIGN_IDENTITY = "iPhone Developer";
				INFOPLIST_FILE = "Converfit-iOS/Info.plist";
				LD_RUNPATH_SEARCH_PATHS = "$(inherited) @executable_path/Frameworks";
				PRODUCT_BUNDLE_IDENTIFIER = "com.converfit.Converfit-iOS";
				PRODUCT_NAME = "$(TARGET_NAME)";
			};
			name = Release;
		};
/* End XCBuildConfiguration section */

/* Begin XCConfigurationList section */
		64D946FA1BC65B4600B524C3 /* Build configuration list for PBXProject "Converfit-iOS" */ = {
			isa = XCConfigurationList;
			buildConfigurations = (
				64D9470F1BC65B4600B524C3 /* Debug */,
				64D947101BC65B4600B524C3 /* Release */,
			);
			defaultConfigurationIsVisible = 0;
			defaultConfigurationName = Release;
		};
		64D947111BC65B4600B524C3 /* Build configuration list for PBXNativeTarget "Converfit-iOS" */ = {
			isa = XCConfigurationList;
			buildConfigurations = (
				64D947121BC65B4600B524C3 /* Debug */,
				64D947131BC65B4600B524C3 /* Release */,
			);
			defaultConfigurationIsVisible = 0;
			defaultConfigurationName = Release;
		};
/* End XCConfigurationList section */
	};
	rootObject = 64D946F71BC65B4600B524C3 /* Project object */;
}
