// !$*UTF8*$!
{
	archiveVersion = 1;
	classes = {
	};
	objectVersion = 46;
	objects = {

/* Begin PBXBuildFile section */
		6457ECD41BCAAE93009F2A50 /* UserModel.swift in Sources */ = {isa = PBXBuildFile; fileRef = 6457ECD31BCAAE93009F2A50 /* UserModel.swift */; };
		6467362A1BC6600C001627C7 /* MMGCoreDataStack2.swift in Sources */ = {isa = PBXBuildFile; fileRef = 646736291BC6600C001627C7 /* MMGCoreDataStack2.swift */; };
		6467362C1BC66A65001627C7 /* LoginController.swift in Sources */ = {isa = PBXBuildFile; fileRef = 6467362B1BC66A65001627C7 /* LoginController.swift */; };
		6467362F1BC67121001627C7 /* Utils.swift in Sources */ = {isa = PBXBuildFile; fileRef = 6467362E1BC67121001627C7 /* Utils.swift */; };
		647D68431BC7A3F80086A3A7 /* Model.xcdatamodeld in Sources */ = {isa = PBXBuildFile; fileRef = 647D68411BC7A3F80086A3A7 /* Model.xcdatamodeld */; };
		647D68481BC7A8D90086A3A7 /* _Conversation.swift in Sources */ = {isa = PBXBuildFile; fileRef = 647D68441BC7A8D90086A3A7 /* _Conversation.swift */; };
		647D68491BC7A8D90086A3A7 /* _Messsage.swift in Sources */ = {isa = PBXBuildFile; fileRef = 647D68451BC7A8D90086A3A7 /* _Messsage.swift */; };
		647D684A1BC7A8D90086A3A7 /* _TimeLine.swift in Sources */ = {isa = PBXBuildFile; fileRef = 647D68461BC7A8D90086A3A7 /* _TimeLine.swift */; };
		647D684B1BC7A8D90086A3A7 /* _User.swift in Sources */ = {isa = PBXBuildFile; fileRef = 647D68471BC7A8D90086A3A7 /* _User.swift */; };
		647D68501BC7A94C0086A3A7 /* Conversation.swift in Sources */ = {isa = PBXBuildFile; fileRef = 647D684C1BC7A94C0086A3A7 /* Conversation.swift */; };
		647D68511BC7A94C0086A3A7 /* Messsage.swift in Sources */ = {isa = PBXBuildFile; fileRef = 647D684D1BC7A94C0086A3A7 /* Messsage.swift */; };
		647D68521BC7A94C0086A3A7 /* TimeLine.swift in Sources */ = {isa = PBXBuildFile; fileRef = 647D684E1BC7A94C0086A3A7 /* TimeLine.swift */; };
		647D68531BC7A94C0086A3A7 /* User.swift in Sources */ = {isa = PBXBuildFile; fileRef = 647D684F1BC7A94C0086A3A7 /* User.swift */; };
		647D68571BC7D0DC0086A3A7 /* ConversationsModel.swift in Sources */ = {isa = PBXBuildFile; fileRef = 647D68561BC7D0DC0086A3A7 /* ConversationsModel.swift */; };
		647D685A1BC7D3AE0086A3A7 /* CeldaListaConversacion.swift in Sources */ = {isa = PBXBuildFile; fileRef = 647D68591BC7D3AE0086A3A7 /* CeldaListaConversacion.swift */; };
		647D685C1BC7D3D20086A3A7 /* ListadoChat.swift in Sources */ = {isa = PBXBuildFile; fileRef = 647D685B1BC7D3D20086A3A7 /* ListadoChat.swift */; };
		647D685E1BC7D5260086A3A7 /* Fechas.swift in Sources */ = {isa = PBXBuildFile; fileRef = 647D685D1BC7D5260086A3A7 /* Fechas.swift */; };
		6482266A1BCF9581001DD5ED /* DetailTimeLineUser.swift in Sources */ = {isa = PBXBuildFile; fileRef = 648226691BCF9581001DD5ED /* DetailTimeLineUser.swift */; };
		6487DBDE1BCCEEE900DC9C12 /* FavoritosViewController.swift in Sources */ = {isa = PBXBuildFile; fileRef = 6487DBDD1BCCEEE900DC9C12 /* FavoritosViewController.swift */; };
		6487DBE11BCCF05D00DC9C12 /* CeldaListadoFavoritos.swift in Sources */ = {isa = PBXBuildFile; fileRef = 6487DBE01BCCF05D00DC9C12 /* CeldaListadoFavoritos.swift */; };
		6487DBE41BCD0A6400DC9C12 /* ImageDetailController.swift in Sources */ = {isa = PBXBuildFile; fileRef = 6487DBE31BCD0A6400DC9C12 /* ImageDetailController.swift */; };
		6487DBE61BCD0F9C00DC9C12 /* VideoViewController.swift in Sources */ = {isa = PBXBuildFile; fileRef = 6487DBE51BCD0F9C00DC9C12 /* VideoViewController.swift */; };
		6487DBE81BCD12DE00DC9C12 /* visorPdfController.swift in Sources */ = {isa = PBXBuildFile; fileRef = 6487DBE71BCD12DE00DC9C12 /* visorPdfController.swift */; };
		648921F21BC6A78F00D91EA0 /* AjustesViewController.swift in Sources */ = {isa = PBXBuildFile; fileRef = 648921F11BC6A78F00D91EA0 /* AjustesViewController.swift */; };
		648921F41BC6ABF500D91EA0 /* LogOut.swift in Sources */ = {isa = PBXBuildFile; fileRef = 648921F31BC6ABF500D91EA0 /* LogOut.swift */; };
		648921F61BC6BF3000D91EA0 /* ProfileMenuController.swift in Sources */ = {isa = PBXBuildFile; fileRef = 648921F51BC6BF3000D91EA0 /* ProfileMenuController.swift */; };
		648921FA1BC6C33100D91EA0 /* PersonalDataTablaController.swift in Sources */ = {isa = PBXBuildFile; fileRef = 648921F91BC6C33100D91EA0 /* PersonalDataTablaController.swift */; };
		648921FC1BC6D10900D91EA0 /* PasswordMenuController.swift in Sources */ = {isa = PBXBuildFile; fileRef = 648921FB1BC6D10900D91EA0 /* PasswordMenuController.swift */; };
		648921FE1BC6D40800D91EA0 /* RecuperarPassController.swift in Sources */ = {isa = PBXBuildFile; fileRef = 648921FD1BC6D40800D91EA0 /* RecuperarPassController.swift */; };
		648922001BC6D74C00D91EA0 /* ChangePasswordTableController.swift in Sources */ = {isa = PBXBuildFile; fileRef = 648921FF1BC6D74C00D91EA0 /* ChangePasswordTableController.swift */; };
		64B41EC81BC930F3008D932B /* CeldaTextoMensaje.swift in Sources */ = {isa = PBXBuildFile; fileRef = 64B41EC41BC930F3008D932B /* CeldaTextoMensaje.swift */; };
		64B41EC91BC930F3008D932B /* CeldaPdfEncuesta.swift in Sources */ = {isa = PBXBuildFile; fileRef = 64B41EC51BC930F3008D932B /* CeldaPdfEncuesta.swift */; };
		64B41ECA1BC930F3008D932B /* CeldaImagenMensajes.swift in Sources */ = {isa = PBXBuildFile; fileRef = 64B41EC61BC930F3008D932B /* CeldaImagenMensajes.swift */; };
		64B41ECB1BC930F3008D932B /* CeldaCargarMensajesAnteriores.swift in Sources */ = {isa = PBXBuildFile; fileRef = 64B41EC71BC930F3008D932B /* CeldaCargarMensajesAnteriores.swift */; };
		64B41ECD1BC93145008D932B /* AddConversacionController.swift in Sources */ = {isa = PBXBuildFile; fileRef = 64B41ECC1BC93145008D932B /* AddConversacionController.swift */; };
		64B41ECF1BC931D6008D932B /* MessageModel.swift in Sources */ = {isa = PBXBuildFile; fileRef = 64B41ECE1BC931D6008D932B /* MessageModel.swift */; };
		64B41ED11BC9320A008D932B /* ResizeImage.swift in Sources */ = {isa = PBXBuildFile; fileRef = 64B41ED01BC9320A008D932B /* ResizeImage.swift */; };
		64D947031BC65B4600B524C3 /* AppDelegate.swift in Sources */ = {isa = PBXBuildFile; fileRef = 64D947021BC65B4600B524C3 /* AppDelegate.swift */; };
		64D947081BC65B4600B524C3 /* Main.storyboard in Resources */ = {isa = PBXBuildFile; fileRef = 64D947061BC65B4600B524C3 /* Main.storyboard */; };
		64D9470A1BC65B4600B524C3 /* Assets.xcassets in Resources */ = {isa = PBXBuildFile; fileRef = 64D947091BC65B4600B524C3 /* Assets.xcassets */; };
		64D9470D1BC65B4600B524C3 /* LaunchScreen.storyboard in Resources */ = {isa = PBXBuildFile; fileRef = 64D9470B1BC65B4600B524C3 /* LaunchScreen.storyboard */; };
		64ED08771BCE3CBE00578646 /* UsersChatViewController.swift in Sources */ = {isa = PBXBuildFile; fileRef = 64ED08761BCE3CBE00578646 /* UsersChatViewController.swift */; };
		64ED08791BCE4AFD00578646 /* TimeLineViewController.swift in Sources */ = {isa = PBXBuildFile; fileRef = 64ED08781BCE4AFD00578646 /* TimeLineViewController.swift */; };
		64ED087C1BCE4E3A00578646 /* TimeLineCollectionViewCell.swift in Sources */ = {isa = PBXBuildFile; fileRef = 64ED087B1BCE4E3A00578646 /* TimeLineCollectionViewCell.swift */; };
		64ED087E1BCE5F4400578646 /* TimeLineModel.swift in Sources */ = {isa = PBXBuildFile; fileRef = 64ED087D1BCE5F4400578646 /* TimeLineModel.swift */; };
		9B3660151BD516BE00C4B666 /* InitialViewController.swift in Sources */ = {isa = PBXBuildFile; fileRef = 9B3660141BD516BE00C4B666 /* InitialViewController.swift */; };
		9B779E6A1BCFBC360062F9D7 /* PostServidor.swift in Sources */ = {isa = PBXBuildFile; fileRef = 9B779E691BCFBC360062F9D7 /* PostServidor.swift */; };
		9B779E6E1BCFD9D00062F9D7 /* NavBarViewController.swift in Sources */ = {isa = PBXBuildFile; fileRef = 9B779E6D1BCFD9D00062F9D7 /* NavBarViewController.swift */; };
		9B779E711BCFEA030062F9D7 /* ContainerVC.swift in Sources */ = {isa = PBXBuildFile; fileRef = 9B779E701BCFEA030062F9D7 /* ContainerVC.swift */; };
		9BDE4A211BF9C2120096EBE1 /* SignUpViewController.swift in Sources */ = {isa = PBXBuildFile; fileRef = 9BDE4A201BF9C2120096EBE1 /* SignUpViewController.swift */; };
		9BDE4A231BF9D1420096EBE1 /* MyCustomNavigationController.swift in Sources */ = {isa = PBXBuildFile; fileRef = 9BDE4A221BF9D1420096EBE1 /* MyCustomNavigationController.swift */; };
		9BDE4A251BF9E28D0096EBE1 /* RecoverPassowrdLoginViewController.swift in Sources */ = {isa = PBXBuildFile; fileRef = 9BDE4A241BF9E28D0096EBE1 /* RecoverPassowrdLoginViewController.swift */; };
		9BDE4A271BF9E7A70096EBE1 /* PaddingTextField.swift in Sources */ = {isa = PBXBuildFile; fileRef = 9BDE4A261BF9E7A70096EBE1 /* PaddingTextField.swift */; };
		9BEB30FC1BD0E8670021C5DA /* LefMenuWiewController.swift in Sources */ = {isa = PBXBuildFile; fileRef = 9BEB30FB1BD0E8670021C5DA /* LefMenuWiewController.swift */; };
		9BEB30FF1BD0FE630021C5DA /* CeldaLeftMenu.swift in Sources */ = {isa = PBXBuildFile; fileRef = 9BEB30FE1BD0FE630021C5DA /* CeldaLeftMenu.swift */; };
		9BEB31011BD10E3C0021C5DA /* Colors.swift in Sources */ = {isa = PBXBuildFile; fileRef = 9BEB31001BD10E3C0021C5DA /* Colors.swift */; };
/* End PBXBuildFile section */

/* Begin PBXFileReference section */
		6457ECD31BCAAE93009F2A50 /* UserModel.swift */ = {isa = PBXFileReference; fileEncoding = 4; lastKnownFileType = sourcecode.swift; path = UserModel.swift; sourceTree = "<group>"; };
		646736291BC6600C001627C7 /* MMGCoreDataStack2.swift */ = {isa = PBXFileReference; fileEncoding = 4; lastKnownFileType = sourcecode.swift; path = MMGCoreDataStack2.swift; sourceTree = "<group>"; };
		6467362B1BC66A65001627C7 /* LoginController.swift */ = {isa = PBXFileReference; fileEncoding = 4; lastKnownFileType = sourcecode.swift; path = LoginController.swift; sourceTree = "<group>"; };
		6467362E1BC67121001627C7 /* Utils.swift */ = {isa = PBXFileReference; fileEncoding = 4; lastKnownFileType = sourcecode.swift; path = Utils.swift; sourceTree = "<group>"; };
		647D68421BC7A3F80086A3A7 /* Model.xcdatamodel */ = {isa = PBXFileReference; lastKnownFileType = wrapper.xcdatamodel; path = Model.xcdatamodel; sourceTree = "<group>"; };
		647D68441BC7A8D90086A3A7 /* _Conversation.swift */ = {isa = PBXFileReference; fileEncoding = 4; lastKnownFileType = sourcecode.swift; path = _Conversation.swift; sourceTree = "<group>"; };
		647D68451BC7A8D90086A3A7 /* _Messsage.swift */ = {isa = PBXFileReference; fileEncoding = 4; lastKnownFileType = sourcecode.swift; path = _Messsage.swift; sourceTree = "<group>"; };
		647D68461BC7A8D90086A3A7 /* _TimeLine.swift */ = {isa = PBXFileReference; fileEncoding = 4; lastKnownFileType = sourcecode.swift; path = _TimeLine.swift; sourceTree = "<group>"; };
		647D68471BC7A8D90086A3A7 /* _User.swift */ = {isa = PBXFileReference; fileEncoding = 4; lastKnownFileType = sourcecode.swift; path = _User.swift; sourceTree = "<group>"; };
		647D684C1BC7A94C0086A3A7 /* Conversation.swift */ = {isa = PBXFileReference; fileEncoding = 4; lastKnownFileType = sourcecode.swift; path = Conversation.swift; sourceTree = "<group>"; };
		647D684D1BC7A94C0086A3A7 /* Messsage.swift */ = {isa = PBXFileReference; fileEncoding = 4; lastKnownFileType = sourcecode.swift; path = Messsage.swift; sourceTree = "<group>"; };
		647D684E1BC7A94C0086A3A7 /* TimeLine.swift */ = {isa = PBXFileReference; fileEncoding = 4; lastKnownFileType = sourcecode.swift; path = TimeLine.swift; sourceTree = "<group>"; };
		647D684F1BC7A94C0086A3A7 /* User.swift */ = {isa = PBXFileReference; fileEncoding = 4; lastKnownFileType = sourcecode.swift; path = User.swift; sourceTree = "<group>"; };
		647D68561BC7D0DC0086A3A7 /* ConversationsModel.swift */ = {isa = PBXFileReference; fileEncoding = 4; lastKnownFileType = sourcecode.swift; path = ConversationsModel.swift; sourceTree = "<group>"; };
		647D68591BC7D3AE0086A3A7 /* CeldaListaConversacion.swift */ = {isa = PBXFileReference; fileEncoding = 4; lastKnownFileType = sourcecode.swift; path = CeldaListaConversacion.swift; sourceTree = "<group>"; };
		647D685B1BC7D3D20086A3A7 /* ListadoChat.swift */ = {isa = PBXFileReference; fileEncoding = 4; lastKnownFileType = sourcecode.swift; path = ListadoChat.swift; sourceTree = "<group>"; };
		647D685D1BC7D5260086A3A7 /* Fechas.swift */ = {isa = PBXFileReference; fileEncoding = 4; lastKnownFileType = sourcecode.swift; path = Fechas.swift; sourceTree = "<group>"; };
		648226691BCF9581001DD5ED /* DetailTimeLineUser.swift */ = {isa = PBXFileReference; fileEncoding = 4; lastKnownFileType = sourcecode.swift; path = DetailTimeLineUser.swift; sourceTree = "<group>"; };
		6487DBDD1BCCEEE900DC9C12 /* FavoritosViewController.swift */ = {isa = PBXFileReference; fileEncoding = 4; lastKnownFileType = sourcecode.swift; path = FavoritosViewController.swift; sourceTree = "<group>"; };
		6487DBE01BCCF05D00DC9C12 /* CeldaListadoFavoritos.swift */ = {isa = PBXFileReference; fileEncoding = 4; lastKnownFileType = sourcecode.swift; path = CeldaListadoFavoritos.swift; sourceTree = "<group>"; };
		6487DBE31BCD0A6400DC9C12 /* ImageDetailController.swift */ = {isa = PBXFileReference; fileEncoding = 4; lastKnownFileType = sourcecode.swift; path = ImageDetailController.swift; sourceTree = "<group>"; };
		6487DBE51BCD0F9C00DC9C12 /* VideoViewController.swift */ = {isa = PBXFileReference; fileEncoding = 4; lastKnownFileType = sourcecode.swift; path = VideoViewController.swift; sourceTree = "<group>"; };
		6487DBE71BCD12DE00DC9C12 /* visorPdfController.swift */ = {isa = PBXFileReference; fileEncoding = 4; lastKnownFileType = sourcecode.swift; path = visorPdfController.swift; sourceTree = "<group>"; };
		648921F11BC6A78F00D91EA0 /* AjustesViewController.swift */ = {isa = PBXFileReference; fileEncoding = 4; lastKnownFileType = sourcecode.swift; path = AjustesViewController.swift; sourceTree = "<group>"; };
		648921F31BC6ABF500D91EA0 /* LogOut.swift */ = {isa = PBXFileReference; fileEncoding = 4; lastKnownFileType = sourcecode.swift; path = LogOut.swift; sourceTree = "<group>"; };
		648921F51BC6BF3000D91EA0 /* ProfileMenuController.swift */ = {isa = PBXFileReference; fileEncoding = 4; lastKnownFileType = sourcecode.swift; path = ProfileMenuController.swift; sourceTree = "<group>"; };
		648921F91BC6C33100D91EA0 /* PersonalDataTablaController.swift */ = {isa = PBXFileReference; fileEncoding = 4; lastKnownFileType = sourcecode.swift; path = PersonalDataTablaController.swift; sourceTree = "<group>"; };
		648921FB1BC6D10900D91EA0 /* PasswordMenuController.swift */ = {isa = PBXFileReference; fileEncoding = 4; lastKnownFileType = sourcecode.swift; path = PasswordMenuController.swift; sourceTree = "<group>"; };
		648921FD1BC6D40800D91EA0 /* RecuperarPassController.swift */ = {isa = PBXFileReference; fileEncoding = 4; lastKnownFileType = sourcecode.swift; path = RecuperarPassController.swift; sourceTree = "<group>"; };
		648921FF1BC6D74C00D91EA0 /* ChangePasswordTableController.swift */ = {isa = PBXFileReference; fileEncoding = 4; lastKnownFileType = sourcecode.swift; path = ChangePasswordTableController.swift; sourceTree = "<group>"; };
		64B41EC41BC930F3008D932B /* CeldaTextoMensaje.swift */ = {isa = PBXFileReference; fileEncoding = 4; lastKnownFileType = sourcecode.swift; path = CeldaTextoMensaje.swift; sourceTree = "<group>"; };
		64B41EC51BC930F3008D932B /* CeldaPdfEncuesta.swift */ = {isa = PBXFileReference; fileEncoding = 4; lastKnownFileType = sourcecode.swift; path = CeldaPdfEncuesta.swift; sourceTree = "<group>"; };
		64B41EC61BC930F3008D932B /* CeldaImagenMensajes.swift */ = {isa = PBXFileReference; fileEncoding = 4; lastKnownFileType = sourcecode.swift; path = CeldaImagenMensajes.swift; sourceTree = "<group>"; };
		64B41EC71BC930F3008D932B /* CeldaCargarMensajesAnteriores.swift */ = {isa = PBXFileReference; fileEncoding = 4; lastKnownFileType = sourcecode.swift; path = CeldaCargarMensajesAnteriores.swift; sourceTree = "<group>"; };
		64B41ECC1BC93145008D932B /* AddConversacionController.swift */ = {isa = PBXFileReference; fileEncoding = 4; lastKnownFileType = sourcecode.swift; path = AddConversacionController.swift; sourceTree = "<group>"; };
		64B41ECE1BC931D6008D932B /* MessageModel.swift */ = {isa = PBXFileReference; fileEncoding = 4; lastKnownFileType = sourcecode.swift; path = MessageModel.swift; sourceTree = "<group>"; };
		64B41ED01BC9320A008D932B /* ResizeImage.swift */ = {isa = PBXFileReference; fileEncoding = 4; lastKnownFileType = sourcecode.swift; path = ResizeImage.swift; sourceTree = "<group>"; };
		64D946FF1BC65B4600B524C3 /* Converfit-iOS.app */ = {isa = PBXFileReference; explicitFileType = wrapper.application; includeInIndex = 0; path = "Converfit-iOS.app"; sourceTree = BUILT_PRODUCTS_DIR; };
		64D947021BC65B4600B524C3 /* AppDelegate.swift */ = {isa = PBXFileReference; lastKnownFileType = sourcecode.swift; path = AppDelegate.swift; sourceTree = "<group>"; };
		64D947071BC65B4600B524C3 /* Base */ = {isa = PBXFileReference; lastKnownFileType = file.storyboard; name = Base; path = Base.lproj/Main.storyboard; sourceTree = "<group>"; };
		64D947091BC65B4600B524C3 /* Assets.xcassets */ = {isa = PBXFileReference; lastKnownFileType = folder.assetcatalog; path = Assets.xcassets; sourceTree = "<group>"; };
		64D9470C1BC65B4600B524C3 /* Base */ = {isa = PBXFileReference; lastKnownFileType = file.storyboard; name = Base; path = Base.lproj/LaunchScreen.storyboard; sourceTree = "<group>"; };
		64D9470E1BC65B4600B524C3 /* Info.plist */ = {isa = PBXFileReference; lastKnownFileType = text.plist.xml; path = Info.plist; sourceTree = "<group>"; };
		64ED08761BCE3CBE00578646 /* UsersChatViewController.swift */ = {isa = PBXFileReference; fileEncoding = 4; lastKnownFileType = sourcecode.swift; path = UsersChatViewController.swift; sourceTree = "<group>"; };
		64ED08781BCE4AFD00578646 /* TimeLineViewController.swift */ = {isa = PBXFileReference; fileEncoding = 4; lastKnownFileType = sourcecode.swift; path = TimeLineViewController.swift; sourceTree = "<group>"; };
		64ED087B1BCE4E3A00578646 /* TimeLineCollectionViewCell.swift */ = {isa = PBXFileReference; fileEncoding = 4; lastKnownFileType = sourcecode.swift; path = TimeLineCollectionViewCell.swift; sourceTree = "<group>"; };
		64ED087D1BCE5F4400578646 /* TimeLineModel.swift */ = {isa = PBXFileReference; fileEncoding = 4; lastKnownFileType = sourcecode.swift; path = TimeLineModel.swift; sourceTree = "<group>"; };
		9B3660141BD516BE00C4B666 /* InitialViewController.swift */ = {isa = PBXFileReference; fileEncoding = 4; lastKnownFileType = sourcecode.swift; path = InitialViewController.swift; sourceTree = "<group>"; };
		9B779E691BCFBC360062F9D7 /* PostServidor.swift */ = {isa = PBXFileReference; fileEncoding = 4; lastKnownFileType = sourcecode.swift; path = PostServidor.swift; sourceTree = "<group>"; };
		9B779E6D1BCFD9D00062F9D7 /* NavBarViewController.swift */ = {isa = PBXFileReference; fileEncoding = 4; lastKnownFileType = sourcecode.swift; path = NavBarViewController.swift; sourceTree = "<group>"; };
		9B779E701BCFEA030062F9D7 /* ContainerVC.swift */ = {isa = PBXFileReference; fileEncoding = 4; lastKnownFileType = sourcecode.swift; path = ContainerVC.swift; sourceTree = "<group>"; };
		9BDE4A201BF9C2120096EBE1 /* SignUpViewController.swift */ = {isa = PBXFileReference; fileEncoding = 4; lastKnownFileType = sourcecode.swift; path = SignUpViewController.swift; sourceTree = "<group>"; };
		9BDE4A221BF9D1420096EBE1 /* MyCustomNavigationController.swift */ = {isa = PBXFileReference; fileEncoding = 4; lastKnownFileType = sourcecode.swift; path = MyCustomNavigationController.swift; sourceTree = "<group>"; };
		9BDE4A241BF9E28D0096EBE1 /* RecoverPassowrdLoginViewController.swift */ = {isa = PBXFileReference; fileEncoding = 4; lastKnownFileType = sourcecode.swift; path = RecoverPassowrdLoginViewController.swift; sourceTree = "<group>"; };
		9BDE4A261BF9E7A70096EBE1 /* PaddingTextField.swift */ = {isa = PBXFileReference; fileEncoding = 4; lastKnownFileType = sourcecode.swift; path = PaddingTextField.swift; sourceTree = "<group>"; };
		9BEB30FB1BD0E8670021C5DA /* LefMenuWiewController.swift */ = {isa = PBXFileReference; fileEncoding = 4; lastKnownFileType = sourcecode.swift; path = LefMenuWiewController.swift; sourceTree = "<group>"; };
		9BEB30FE1BD0FE630021C5DA /* CeldaLeftMenu.swift */ = {isa = PBXFileReference; fileEncoding = 4; lastKnownFileType = sourcecode.swift; path = CeldaLeftMenu.swift; sourceTree = "<group>"; };
		9BEB31001BD10E3C0021C5DA /* Colors.swift */ = {isa = PBXFileReference; fileEncoding = 4; lastKnownFileType = sourcecode.swift; path = Colors.swift; sourceTree = "<group>"; };
/* End PBXFileReference section */

/* Begin PBXFrameworksBuildPhase section */
		64D946FC1BC65B4600B524C3 /* Frameworks */ = {
			isa = PBXFrameworksBuildPhase;
			buildActionMask = 2147483647;
			files = (
			);
			runOnlyForDeploymentPostprocessing = 0;
		};
/* End PBXFrameworksBuildPhase section */

/* Begin PBXGroup section */
		6467362D1BC66A7A001627C7 /* Controllers */ = {
			isa = PBXGroup;
			children = (
				9B779E6F1BCFE9E00062F9D7 /* Container */,
				6487DBE21BCD09FC00DC9C12 /* Details */,
				64B41EC11BC93051008D932B /* Others */,
				64B41EC01BC93031008D932B /* TabBar */,
				648921F71BC6C31800D91EA0 /* Settings */,
				648921F81BC6C32300D91EA0 /* Login */,
			);
			name = Controllers;
			sourceTree = "<group>";
		};
		646736301BC67130001627C7 /* Utils */ = {
			isa = PBXGroup;
			children = (
				64B41ED01BC9320A008D932B /* ResizeImage.swift */,
				6467362E1BC67121001627C7 /* Utils.swift */,
				648921F31BC6ABF500D91EA0 /* LogOut.swift */,
				647D685D1BC7D5260086A3A7 /* Fechas.swift */,
				9B779E691BCFBC360062F9D7 /* PostServidor.swift */,
				9BEB31001BD10E3C0021C5DA /* Colors.swift */,
				9BDE4A261BF9E7A70096EBE1 /* PaddingTextField.swift */,
			);
			name = Utils;
			sourceTree = "<group>";
		};
		647D68541BC7A9550086A3A7 /* AutoGenerated */ = {
			isa = PBXGroup;
			children = (
				647D68441BC7A8D90086A3A7 /* _Conversation.swift */,
				647D68451BC7A8D90086A3A7 /* _Messsage.swift */,
				647D68461BC7A8D90086A3A7 /* _TimeLine.swift */,
				647D68471BC7A8D90086A3A7 /* _User.swift */,
			);
			name = AutoGenerated;
			sourceTree = "<group>";
		};
		647D68551BC7AB200086A3A7 /* Models */ = {
			isa = PBXGroup;
			children = (
				6457ECD31BCAAE93009F2A50 /* UserModel.swift */,
				647D68561BC7D0DC0086A3A7 /* ConversationsModel.swift */,
				64B41ECE1BC931D6008D932B /* MessageModel.swift */,
				64ED087D1BCE5F4400578646 /* TimeLineModel.swift */,
			);
			name = Models;
			sourceTree = "<group>";
		};
		647D68581BC7D37E0086A3A7 /* CeldasPersonalizadas */ = {
			isa = PBXGroup;
			children = (
				9BEB30FD1BD0FE2A0021C5DA /* CeldaLeftMenu */,
				64B41EC31BC93074008D932B /* CeldasMensajes */,
				64B41EC21BC93069008D932B /* CeldasTabBar */,
			);
			name = CeldasPersonalizadas;
			sourceTree = "<group>";
		};
		6487DBE21BCD09FC00DC9C12 /* Details */ = {
			isa = PBXGroup;
			children = (
				6487DBE31BCD0A6400DC9C12 /* ImageDetailController.swift */,
				6487DBE51BCD0F9C00DC9C12 /* VideoViewController.swift */,
				6487DBE71BCD12DE00DC9C12 /* visorPdfController.swift */,
			);
			name = Details;
			sourceTree = "<group>";
		};
		648921EA1BC6763C00D91EA0 /* CoreData */ = {
			isa = PBXGroup;
			children = (
				647D68551BC7AB200086A3A7 /* Models */,
				647D68541BC7A9550086A3A7 /* AutoGenerated */,
				647D684C1BC7A94C0086A3A7 /* Conversation.swift */,
				647D684D1BC7A94C0086A3A7 /* Messsage.swift */,
				647D684E1BC7A94C0086A3A7 /* TimeLine.swift */,
				647D684F1BC7A94C0086A3A7 /* User.swift */,
				647D68411BC7A3F80086A3A7 /* Model.xcdatamodeld */,
				646736291BC6600C001627C7 /* MMGCoreDataStack2.swift */,
			);
			name = CoreData;
			sourceTree = "<group>";
		};
		648921F71BC6C31800D91EA0 /* Settings */ = {
			isa = PBXGroup;
			children = (
				648921FF1BC6D74C00D91EA0 /* ChangePasswordTableController.swift */,
				648921FD1BC6D40800D91EA0 /* RecuperarPassController.swift */,
				648921FB1BC6D10900D91EA0 /* PasswordMenuController.swift */,
				648921F91BC6C33100D91EA0 /* PersonalDataTablaController.swift */,
				648921F51BC6BF3000D91EA0 /* ProfileMenuController.swift */,
			);
			name = Settings;
			sourceTree = "<group>";
		};
		648921F81BC6C32300D91EA0 /* Login */ = {
			isa = PBXGroup;
			children = (
				9B3660141BD516BE00C4B666 /* InitialViewController.swift */,
				6467362B1BC66A65001627C7 /* LoginController.swift */,
				9BDE4A201BF9C2120096EBE1 /* SignUpViewController.swift */,
				9BDE4A221BF9D1420096EBE1 /* MyCustomNavigationController.swift */,
				9BDE4A241BF9E28D0096EBE1 /* RecoverPassowrdLoginViewController.swift */,
			);
			name = Login;
			sourceTree = "<group>";
		};
		64B41EC01BC93031008D932B /* TabBar */ = {
			isa = PBXGroup;
			children = (
				9B779E6D1BCFD9D00062F9D7 /* NavBarViewController.swift */,
				6487DBDD1BCCEEE900DC9C12 /* FavoritosViewController.swift */,
				647D685B1BC7D3D20086A3A7 /* ListadoChat.swift */,
				648921F11BC6A78F00D91EA0 /* AjustesViewController.swift */,
				64ED08781BCE4AFD00578646 /* TimeLineViewController.swift */,
			);
			name = TabBar;
			sourceTree = "<group>";
		};
		64B41EC11BC93051008D932B /* Others */ = {
			isa = PBXGroup;
			children = (
				648226691BCF9581001DD5ED /* DetailTimeLineUser.swift */,
				64ED08761BCE3CBE00578646 /* UsersChatViewController.swift */,
				64B41ECC1BC93145008D932B /* AddConversacionController.swift */,
			);
			name = Others;
			sourceTree = "<group>";
		};
		64B41EC21BC93069008D932B /* CeldasTabBar */ = {
			isa = PBXGroup;
			children = (
				64ED087B1BCE4E3A00578646 /* TimeLineCollectionViewCell.swift */,
				6487DBE01BCCF05D00DC9C12 /* CeldaListadoFavoritos.swift */,
				647D68591BC7D3AE0086A3A7 /* CeldaListaConversacion.swift */,
			);
			name = CeldasTabBar;
			sourceTree = "<group>";
		};
		64B41EC31BC93074008D932B /* CeldasMensajes */ = {
			isa = PBXGroup;
			children = (
				64B41EC41BC930F3008D932B /* CeldaTextoMensaje.swift */,
				64B41EC51BC930F3008D932B /* CeldaPdfEncuesta.swift */,
				64B41EC61BC930F3008D932B /* CeldaImagenMensajes.swift */,
				64B41EC71BC930F3008D932B /* CeldaCargarMensajesAnteriores.swift */,
			);
			name = CeldasMensajes;
			sourceTree = "<group>";
		};
		64D946F61BC65B4600B524C3 = {
			isa = PBXGroup;
			children = (
				64D947011BC65B4600B524C3 /* Converfit-iOS */,
				64D947001BC65B4600B524C3 /* Products */,
			);
			sourceTree = "<group>";
		};
		64D947001BC65B4600B524C3 /* Products */ = {
			isa = PBXGroup;
			children = (
				64D946FF1BC65B4600B524C3 /* Converfit-iOS.app */,
			);
			name = Products;
			sourceTree = "<group>";
		};
		64D947011BC65B4600B524C3 /* Converfit-iOS */ = {
			isa = PBXGroup;
			children = (
				64D947021BC65B4600B524C3 /* AppDelegate.swift */,
				64D947061BC65B4600B524C3 /* Main.storyboard */,
				647D68581BC7D37E0086A3A7 /* CeldasPersonalizadas */,
				6467362D1BC66A7A001627C7 /* Controllers */,
				648921EA1BC6763C00D91EA0 /* CoreData */,
				646736301BC67130001627C7 /* Utils */,
				64D947091BC65B4600B524C3 /* Assets.xcassets */,
				64D9470B1BC65B4600B524C3 /* LaunchScreen.storyboard */,
				64D947141BC65BB000B524C3 /* Supporting Files */,
			);
			path = "Converfit-iOS";
			sourceTree = "<group>";
		};
		64D947141BC65BB000B524C3 /* Supporting Files */ = {
			isa = PBXGroup;
			children = (
				64D9470E1BC65B4600B524C3 /* Info.plist */,
			);
			name = "Supporting Files";
			sourceTree = "<group>";
		};
		9B779E6F1BCFE9E00062F9D7 /* Container */ = {
			isa = PBXGroup;
			children = (
				9B779E701BCFEA030062F9D7 /* ContainerVC.swift */,
				9BEB30FB1BD0E8670021C5DA /* LefMenuWiewController.swift */,
			);
			name = Container;
			sourceTree = "<group>";
		};
		9BEB30FD1BD0FE2A0021C5DA /* CeldaLeftMenu */ = {
			isa = PBXGroup;
			children = (
				9BEB30FE1BD0FE630021C5DA /* CeldaLeftMenu.swift */,
			);
			name = CeldaLeftMenu;
			sourceTree = "<group>";
		};
/* End PBXGroup section */

/* Begin PBXNativeTarget section */
		64D946FE1BC65B4600B524C3 /* Converfit-iOS */ = {
			isa = PBXNativeTarget;
			buildConfigurationList = 64D947111BC65B4600B524C3 /* Build configuration list for PBXNativeTarget "Converfit-iOS" */;
			buildPhases = (
				64D946FB1BC65B4600B524C3 /* Sources */,
				64D946FC1BC65B4600B524C3 /* Frameworks */,
				64D946FD1BC65B4600B524C3 /* Resources */,
			);
			buildRules = (
			);
			dependencies = (
			);
			name = "Converfit-iOS";
			productName = "Converfit-iOS";
			productReference = 64D946FF1BC65B4600B524C3 /* Converfit-iOS.app */;
			productType = "com.apple.product-type.application";
		};
/* End PBXNativeTarget section */

/* Begin PBXProject section */
		64D946F71BC65B4600B524C3 /* Project object */ = {
			isa = PBXProject;
			attributes = {
				LastUpgradeCheck = 0800;
				ORGANIZATIONNAME = "Citious Team SL";
				TargetAttributes = {
					64D946FE1BC65B4600B524C3 = {
						CreatedOnToolsVersion = 7.0.1;
						DevelopmentTeam = 3W8FZYU59G;
						LastSwiftMigration = 0800;
					};
				};
			};
			buildConfigurationList = 64D946FA1BC65B4600B524C3 /* Build configuration list for PBXProject "Converfit-iOS" */;
			compatibilityVersion = "Xcode 3.2";
			developmentRegion = English;
			hasScannedForEncodings = 0;
			knownRegions = (
				en,
				Base,
			);
			mainGroup = 64D946F61BC65B4600B524C3;
			productRefGroup = 64D947001BC65B4600B524C3 /* Products */;
			projectDirPath = "";
			projectRoot = "";
			targets = (
				64D946FE1BC65B4600B524C3 /* Converfit-iOS */,
			);
		};
/* End PBXProject section */

/* Begin PBXResourcesBuildPhase section */
		64D946FD1BC65B4600B524C3 /* Resources */ = {
			isa = PBXResourcesBuildPhase;
			buildActionMask = 2147483647;
			files = (
				64D9470D1BC65B4600B524C3 /* LaunchScreen.storyboard in Resources */,
				64D9470A1BC65B4600B524C3 /* Assets.xcassets in Resources */,
				64D947081BC65B4600B524C3 /* Main.storyboard in Resources */,
			);
			runOnlyForDeploymentPostprocessing = 0;
		};
/* End PBXResourcesBuildPhase section */

/* Begin PBXSourcesBuildPhase section */
		64D946FB1BC65B4600B524C3 /* Sources */ = {
			isa = PBXSourcesBuildPhase;
			buildActionMask = 2147483647;
			files = (
				64ED08771BCE3CBE00578646 /* UsersChatViewController.swift in Sources */,
				647D684A1BC7A8D90086A3A7 /* _TimeLine.swift in Sources */,
				64B41ECB1BC930F3008D932B /* CeldaCargarMensajesAnteriores.swift in Sources */,
				6487DBE61BCD0F9C00DC9C12 /* VideoViewController.swift in Sources */,
				9BDE4A211BF9C2120096EBE1 /* SignUpViewController.swift in Sources */,
				6467362A1BC6600C001627C7 /* MMGCoreDataStack2.swift in Sources */,
				648921F21BC6A78F00D91EA0 /* AjustesViewController.swift in Sources */,
				9BDE4A271BF9E7A70096EBE1 /* PaddingTextField.swift in Sources */,
				64B41ECA1BC930F3008D932B /* CeldaImagenMensajes.swift in Sources */,
				6487DBE41BCD0A6400DC9C12 /* ImageDetailController.swift in Sources */,
				9B3660151BD516BE00C4B666 /* InitialViewController.swift in Sources */,
				6487DBDE1BCCEEE900DC9C12 /* FavoritosViewController.swift in Sources */,
				9B779E6A1BCFBC360062F9D7 /* PostServidor.swift in Sources */,
				648921FC1BC6D10900D91EA0 /* PasswordMenuController.swift in Sources */,
				647D68521BC7A94C0086A3A7 /* TimeLine.swift in Sources */,
				647D684B1BC7A8D90086A3A7 /* _User.swift in Sources */,
				64B41EC81BC930F3008D932B /* CeldaTextoMensaje.swift in Sources */,
				647D68511BC7A94C0086A3A7 /* Messsage.swift in Sources */,
				6482266A1BCF9581001DD5ED /* DetailTimeLineUser.swift in Sources */,
				6467362C1BC66A65001627C7 /* LoginController.swift in Sources */,
				9BEB30FF1BD0FE630021C5DA /* CeldaLeftMenu.swift in Sources */,
				6487DBE11BCCF05D00DC9C12 /* CeldaListadoFavoritos.swift in Sources */,
				647D68531BC7A94C0086A3A7 /* User.swift in Sources */,
				647D685E1BC7D5260086A3A7 /* Fechas.swift in Sources */,
				64ED087C1BCE4E3A00578646 /* TimeLineCollectionViewCell.swift in Sources */,
				648921FE1BC6D40800D91EA0 /* RecuperarPassController.swift in Sources */,
				9BEB30FC1BD0E8670021C5DA /* LefMenuWiewController.swift in Sources */,
				64B41ED11BC9320A008D932B /* ResizeImage.swift in Sources */,
				9BEB31011BD10E3C0021C5DA /* Colors.swift in Sources */,
				9B779E6E1BCFD9D00062F9D7 /* NavBarViewController.swift in Sources */,
				64B41ECD1BC93145008D932B /* AddConversacionController.swift in Sources */,
				648921F41BC6ABF500D91EA0 /* LogOut.swift in Sources */,
				6487DBE81BCD12DE00DC9C12 /* visorPdfController.swift in Sources */,
				64D947031BC65B4600B524C3 /* AppDelegate.swift in Sources */,
				648922001BC6D74C00D91EA0 /* ChangePasswordTableController.swift in Sources */,
				9BDE4A231BF9D1420096EBE1 /* MyCustomNavigationController.swift in Sources */,
				648921F61BC6BF3000D91EA0 /* ProfileMenuController.swift in Sources */,
				647D68501BC7A94C0086A3A7 /* Conversation.swift in Sources */,
				648921FA1BC6C33100D91EA0 /* PersonalDataTablaController.swift in Sources */,
				6467362F1BC67121001627C7 /* Utils.swift in Sources */,
				64ED08791BCE4AFD00578646 /* TimeLineViewController.swift in Sources */,
				647D685A1BC7D3AE0086A3A7 /* CeldaListaConversacion.swift in Sources */,
				647D68481BC7A8D90086A3A7 /* _Conversation.swift in Sources */,
				647D68431BC7A3F80086A3A7 /* Model.xcdatamodeld in Sources */,
				64ED087E1BCE5F4400578646 /* TimeLineModel.swift in Sources */,
				6457ECD41BCAAE93009F2A50 /* UserModel.swift in Sources */,
				9B779E711BCFEA030062F9D7 /* ContainerVC.swift in Sources */,
				64B41ECF1BC931D6008D932B /* MessageModel.swift in Sources */,
				64B41EC91BC930F3008D932B /* CeldaPdfEncuesta.swift in Sources */,
				9BDE4A251BF9E28D0096EBE1 /* RecoverPassowrdLoginViewController.swift in Sources */,
				647D68491BC7A8D90086A3A7 /* _Messsage.swift in Sources */,
				647D685C1BC7D3D20086A3A7 /* ListadoChat.swift in Sources */,
				647D68571BC7D0DC0086A3A7 /* ConversationsModel.swift in Sources */,
			);
			runOnlyForDeploymentPostprocessing = 0;
		};
/* End PBXSourcesBuildPhase section */

/* Begin PBXVariantGroup section */
		64D947061BC65B4600B524C3 /* Main.storyboard */ = {
			isa = PBXVariantGroup;
			children = (
				64D947071BC65B4600B524C3 /* Base */,
			);
			name = Main.storyboard;
			sourceTree = "<group>";
		};
		64D9470B1BC65B4600B524C3 /* LaunchScreen.storyboard */ = {
			isa = PBXVariantGroup;
			children = (
				64D9470C1BC65B4600B524C3 /* Base */,
			);
			name = LaunchScreen.storyboard;
			sourceTree = "<group>";
		};
/* End PBXVariantGroup section */

/* Begin XCBuildConfiguration section */
		64D9470F1BC65B4600B524C3 /* Debug */ = {
			isa = XCBuildConfiguration;
			buildSettings = {
				ALWAYS_SEARCH_USER_PATHS = NO;
				CLANG_CXX_LANGUAGE_STANDARD = "gnu++0x";
				CLANG_CXX_LIBRARY = "libc++";
				CLANG_ENABLE_MODULES = YES;
				CLANG_ENABLE_OBJC_ARC = YES;
				CLANG_WARN_BOOL_CONVERSION = YES;
				CLANG_WARN_CONSTANT_CONVERSION = YES;
				CLANG_WARN_DIRECT_OBJC_ISA_USAGE = YES_ERROR;
				CLANG_WARN_EMPTY_BODY = YES;
				CLANG_WARN_ENUM_CONVERSION = YES;
				CLANG_WARN_INT_CONVERSION = YES;
				CLANG_WARN_OBJC_ROOT_CLASS = YES_ERROR;
				CLANG_WARN_UNREACHABLE_CODE = YES;
				CLANG_WARN__DUPLICATE_METHOD_MATCH = YES;
				CODE_SIGN_IDENTITY = "iPhone Developer";
				"CODE_SIGN_IDENTITY[sdk=iphoneos*]" = "Apple Development IOS Push Services: com.converfit.Converfit-iOS";
				COPY_PHASE_STRIP = NO;
				DEBUG_INFORMATION_FORMAT = dwarf;
				ENABLE_STRICT_OBJC_MSGSEND = YES;
				ENABLE_TESTABILITY = YES;
				GCC_C_LANGUAGE_STANDARD = gnu99;
				GCC_DYNAMIC_NO_PIC = NO;
				GCC_NO_COMMON_BLOCKS = YES;
				GCC_OPTIMIZATION_LEVEL = 0;
				GCC_PREPROCESSOR_DEFINITIONS = (
					"DEBUG=1",
					"$(inherited)",
				);
				GCC_WARN_64_TO_32_BIT_CONVERSION = YES;
				GCC_WARN_ABOUT_RETURN_TYPE = YES_ERROR;
				GCC_WARN_UNDECLARED_SELECTOR = YES;
				GCC_WARN_UNINITIALIZED_AUTOS = YES_AGGRESSIVE;
				GCC_WARN_UNUSED_FUNCTION = YES;
				GCC_WARN_UNUSED_VARIABLE = YES;
				IPHONEOS_DEPLOYMENT_TARGET = 9.0;
				MTL_ENABLE_DEBUG_INFO = YES;
				ONLY_ACTIVE_ARCH = YES;
				SDKROOT = iphoneos;
				SWIFT_OPTIMIZATION_LEVEL = "-Onone";
				TARGETED_DEVICE_FAMILY = "1,2";
			};
			name = Debug;
		};
		64D947101BC65B4600B524C3 /* Release */ = {
			isa = XCBuildConfiguration;
			buildSettings = {
				ALWAYS_SEARCH_USER_PATHS = NO;
				CLANG_CXX_LANGUAGE_STANDARD = "gnu++0x";
				CLANG_CXX_LIBRARY = "libc++";
				CLANG_ENABLE_MODULES = YES;
				CLANG_ENABLE_OBJC_ARC = YES;
				CLANG_WARN_BOOL_CONVERSION = YES;
				CLANG_WARN_CONSTANT_CONVERSION = YES;
				CLANG_WARN_DIRECT_OBJC_ISA_USAGE = YES_ERROR;
				CLANG_WARN_EMPTY_BODY = YES;
				CLANG_WARN_ENUM_CONVERSION = YES;
				CLANG_WARN_INT_CONVERSION = YES;
				CLANG_WARN_OBJC_ROOT_CLASS = YES_ERROR;
				CLANG_WARN_UNREACHABLE_CODE = YES;
				CLANG_WARN__DUPLICATE_METHOD_MATCH = YES;
				CODE_SIGN_IDENTITY = "iPhone Distribution";
				"CODE_SIGN_IDENTITY[sdk=iphoneos*]" = "Apple Production IOS Push Services: com.converfit.Converfit-iOS";
				COPY_PHASE_STRIP = NO;
				DEBUG_INFORMATION_FORMAT = "dwarf-with-dsym";
				ENABLE_NS_ASSERTIONS = NO;
				ENABLE_STRICT_OBJC_MSGSEND = YES;
				GCC_C_LANGUAGE_STANDARD = gnu99;
				GCC_NO_COMMON_BLOCKS = YES;
				GCC_WARN_64_TO_32_BIT_CONVERSION = YES;
				GCC_WARN_ABOUT_RETURN_TYPE = YES_ERROR;
				GCC_WARN_UNDECLARED_SELECTOR = YES;
				GCC_WARN_UNINITIALIZED_AUTOS = YES_AGGRESSIVE;
				GCC_WARN_UNUSED_FUNCTION = YES;
				GCC_WARN_UNUSED_VARIABLE = YES;
				IPHONEOS_DEPLOYMENT_TARGET = 9.0;
				MTL_ENABLE_DEBUG_INFO = NO;
				SDKROOT = iphoneos;
				TARGETED_DEVICE_FAMILY = "1,2";
				VALIDATE_PRODUCT = YES;
			};
			name = Release;
		};
		64D947121BC65B4600B524C3 /* Debug */ = {
			isa = XCBuildConfiguration;
			buildSettings = {
				ASSETCATALOG_COMPILER_APPICON_NAME = AppIcon;
				CODE_SIGN_IDENTITY = "iPhone Developer";
				INFOPLIST_FILE = "Converfit-iOS/Info.plist";
				LD_RUNPATH_SEARCH_PATHS = "$(inherited) @executable_path/Frameworks";
				PRODUCT_BUNDLE_IDENTIFIER = "com.converfit.Converfit-iOS";
				PRODUCT_NAME = "$(TARGET_NAME)";
				SWIFT_VERSION = 3.0;
				TARGETED_DEVICE_FAMILY = 1;
			};
			name = Debug;
		};
		64D947131BC65B4600B524C3 /* Release */ = {
			isa = XCBuildConfiguration;
			buildSettings = {
				ASSETCATALOG_COMPILER_APPICON_NAME = AppIcon;
				CODE_SIGN_IDENTITY = "iPhone Developer";
				INFOPLIST_FILE = "Converfit-iOS/Info.plist";
				LD_RUNPATH_SEARCH_PATHS = "$(inherited) @executable_path/Frameworks";
				PRODUCT_BUNDLE_IDENTIFIER = "com.converfit.Converfit-iOS";
				PRODUCT_NAME = "$(TARGET_NAME)";
				SWIFT_OPTIMIZATION_LEVEL = "-Owholemodule";
				SWIFT_VERSION = 3.0;
				TARGETED_DEVICE_FAMILY = 1;
			};
			name = Release;
		};
/* End XCBuildConfiguration section */

/* Begin XCConfigurationList section */
		64D946FA1BC65B4600B524C3 /* Build configuration list for PBXProject "Converfit-iOS" */ = {
			isa = XCConfigurationList;
			buildConfigurations = (
				64D9470F1BC65B4600B524C3 /* Debug */,
				64D947101BC65B4600B524C3 /* Release */,
			);
			defaultConfigurationIsVisible = 0;
			defaultConfigurationName = Release;
		};
		64D947111BC65B4600B524C3 /* Build configuration list for PBXNativeTarget "Converfit-iOS" */ = {
			isa = XCConfigurationList;
			buildConfigurations = (
				64D947121BC65B4600B524C3 /* Debug */,
				64D947131BC65B4600B524C3 /* Release */,
			);
			defaultConfigurationIsVisible = 0;
			defaultConfigurationName = Release;
		};
/* End XCConfigurationList section */

/* Begin XCVersionGroup section */
		647D68411BC7A3F80086A3A7 /* Model.xcdatamodeld */ = {
			isa = XCVersionGroup;
			children = (
				647D68421BC7A3F80086A3A7 /* Model.xcdatamodel */,
			);
			currentVersion = 647D68421BC7A3F80086A3A7 /* Model.xcdatamodel */;
			path = Model.xcdatamodeld;
			sourceTree = "<group>";
			versionGroupType = wrapper.xcdatamodel;
		};
/* End XCVersionGroup section */
	};
	rootObject = 64D946F71BC65B4600B524C3 /* Project object */;
}
